
Microsoft Visual Studio Solution File, Format Version 12.00
# Visual Studio 15
VisualStudioVersion = 15.0.26430.14
MinimumVisualStudioVersion = 10.0.40219.1
Project("{9092AA53-FB77-4645-B42D-1CCCA6BD08BD}") = "Osme", "Osme.njsproj", "{4912907A-54C8-4261-8303-BA1660858FE9}"
EndProject
Global
	GlobalSection(SolutionConfigurationPlatforms) = preSolution
		Debug|Any CPU = Debug|Any CPU
		Release|Any CPU = Release|Any CPU
	EndGlobalSection
	GlobalSection(ProjectConfigurationPlatforms) = postSolution
		{4912907A-54C8-4261-8303-BA1660858FE9}.Debug|Any CPU.ActiveCfg = Debug|Any CPU
		{4912907A-54C8-4261-8303-BA1660858FE9}.Debug|Any CPU.Build.0 = Debug|Any CPU
		{4912907A-54C8-4261-8303-BA1660858FE9}.Release|Any CPU.ActiveCfg = Release|Any CPU
		{4912907A-54C8-4261-8303-BA1660858FE9}.Release|Any CPU.Build.0 = Release|Any CPU
	EndGlobalSection
	GlobalSection(SolutionProperties) = preSolution
		HideSolutionNode = FALSE
	EndGlobalSection
EndGlobal
